// !$*UTF8*$!
{
	archiveVersion = 1;
	classes = {
	};
	objectVersion = 55;
	objects = {

/* Begin PBXBuildFile section */
		BE1FFB792775BD9F00173287 /* WidgetKit.framework in Frameworks */ = {isa = PBXBuildFile; fileRef = BECB54A827758E4900BFBB71 /* WidgetKit.framework */; };
		BE1FFB7A2775BD9F00173287 /* SwiftUI.framework in Frameworks */ = {isa = PBXBuildFile; fileRef = BECB54AA27758E4900BFBB71 /* SwiftUI.framework */; };
		BE1FFB7D2775BD9F00173287 /* PiHole_Widget.swift in Sources */ = {isa = PBXBuildFile; fileRef = BE1FFB7C2775BD9F00173287 /* PiHole_Widget.swift */; };
		BE1FFB802775BDA000173287 /* Assets.xcassets in Resources */ = {isa = PBXBuildFile; fileRef = BE1FFB7F2775BDA000173287 /* Assets.xcassets */; };
		BE1FFB822775BDA000173287 /* PiHole_Widget.intentdefinition in Sources */ = {isa = PBXBuildFile; fileRef = BE1FFB7E2775BD9F00173287 /* PiHole_Widget.intentdefinition */; };
		BE1FFB832775BDA000173287 /* PiHole_Widget.intentdefinition in Sources */ = {isa = PBXBuildFile; fileRef = BE1FFB7E2775BD9F00173287 /* PiHole_Widget.intentdefinition */; };
		BE1FFB862775BDA000173287 /* PiHole WidgetExtension.appex in Embed App Extensions */ = {isa = PBXBuildFile; fileRef = BE1FFB782775BD9F00173287 /* PiHole WidgetExtension.appex */; settings = {ATTRIBUTES = (RemoveHeadersOnCopy, ); }; };
		BE1FFB8B2775BDAC00173287 /* SwiftHole in Frameworks */ = {isa = PBXBuildFile; productRef = BE1FFB8A2775BDAC00173287 /* SwiftHole */; };
		BE9DC1D12775392500479101 /* DataView.swift in Sources */ = {isa = PBXBuildFile; fileRef = BE9DC1D02775392500479101 /* DataView.swift */; };
		BE9DC1D32775420C00479101 /* ControlView.swift in Sources */ = {isa = PBXBuildFile; fileRef = BE9DC1D22775420C00479101 /* ControlView.swift */; };
		BE9DC1D5277542AE00479101 /* TitleView.swift in Sources */ = {isa = PBXBuildFile; fileRef = BE9DC1D4277542AE00479101 /* TitleView.swift */; };
		BE9DC1D72775455300479101 /* DisableButton.swift in Sources */ = {isa = PBXBuildFile; fileRef = BE9DC1D62775455300479101 /* DisableButton.swift */; };
		BE9DC1DB2775498400479101 /* LogOutButton.swift in Sources */ = {isa = PBXBuildFile; fileRef = BE9DC1DA2775498400479101 /* LogOutButton.swift */; };
		BE9DC1DD2775726A00479101 /* BlacklistView.swift in Sources */ = {isa = PBXBuildFile; fileRef = BE9DC1DC2775726A00479101 /* BlacklistView.swift */; };
		BE9DC1DF2775734700479101 /* WhitelistView.swift in Sources */ = {isa = PBXBuildFile; fileRef = BE9DC1DE2775734700479101 /* WhitelistView.swift */; };
		BECB54A127757EFB00BFBB71 /* SwiftHole in Frameworks */ = {isa = PBXBuildFile; productRef = BECB54A027757EFB00BFBB71 /* SwiftHole */; };
		BED0BB922775246C0082BBF2 /* OverviewView.swift in Sources */ = {isa = PBXBuildFile; fileRef = BED0BB912775246C0082BBF2 /* OverviewView.swift */; };
		BED0BB95277525B50082BBF2 /* CodeScanner in Frameworks */ = {isa = PBXBuildFile; productRef = BED0BB94277525B50082BBF2 /* CodeScanner */; };
		BEE85A7A277520B400BC1823 /* PiHole_ManagerApp.swift in Sources */ = {isa = PBXBuildFile; fileRef = BEE85A79277520B400BC1823 /* PiHole_ManagerApp.swift */; };
		BEE85A7C277520B400BC1823 /* ContentView.swift in Sources */ = {isa = PBXBuildFile; fileRef = BEE85A7B277520B400BC1823 /* ContentView.swift */; };
		BEE85A7E277520B600BC1823 /* Assets.xcassets in Resources */ = {isa = PBXBuildFile; fileRef = BEE85A7D277520B600BC1823 /* Assets.xcassets */; };
		BEE85A81277520B600BC1823 /* Preview Assets.xcassets in Resources */ = {isa = PBXBuildFile; fileRef = BEE85A80277520B600BC1823 /* Preview Assets.xcassets */; };
		BEE85A83277520B600BC1823 /* Persistence.swift in Sources */ = {isa = PBXBuildFile; fileRef = BEE85A82277520B600BC1823 /* Persistence.swift */; };
		BEE85A86277520B600BC1823 /* PiHole_Manager.xcdatamodeld in Sources */ = {isa = PBXBuildFile; fileRef = BEE85A84277520B600BC1823 /* PiHole_Manager.xcdatamodeld */; };
/* End PBXBuildFile section */

/* Begin PBXContainerItemProxy section */
		BE1FFB842775BDA000173287 /* PBXContainerItemProxy */ = {
			isa = PBXContainerItemProxy;
			containerPortal = BEE85A6E277520B400BC1823 /* Project object */;
			proxyType = 1;
			remoteGlobalIDString = BE1FFB772775BD9F00173287;
			remoteInfo = "PiHole WidgetExtension";
		};
/* End PBXContainerItemProxy section */

/* Begin PBXCopyFilesBuildPhase section */
		BECB54BB27758E4B00BFBB71 /* Embed App Extensions */ = {
			isa = PBXCopyFilesBuildPhase;
			buildActionMask = 2147483647;
			dstPath = "";
			dstSubfolderSpec = 13;
			files = (
				BE1FFB862775BDA000173287 /* PiHole WidgetExtension.appex in Embed App Extensions */,
			);
			name = "Embed App Extensions";
			runOnlyForDeploymentPostprocessing = 0;
		};
/* End PBXCopyFilesBuildPhase section */

/* Begin PBXFileReference section */
		BE1FFB782775BD9F00173287 /* PiHole WidgetExtension.appex */ = {isa = PBXFileReference; explicitFileType = "wrapper.app-extension"; includeInIndex = 0; path = "PiHole WidgetExtension.appex"; sourceTree = BUILT_PRODUCTS_DIR; };
		BE1FFB7C2775BD9F00173287 /* PiHole_Widget.swift */ = {isa = PBXFileReference; lastKnownFileType = sourcecode.swift; path = PiHole_Widget.swift; sourceTree = "<group>"; };
		BE1FFB7E2775BD9F00173287 /* PiHole_Widget.intentdefinition */ = {isa = PBXFileReference; lastKnownFileType = file.intentdefinition; path = PiHole_Widget.intentdefinition; sourceTree = "<group>"; };
		BE1FFB7F2775BDA000173287 /* Assets.xcassets */ = {isa = PBXFileReference; lastKnownFileType = folder.assetcatalog; path = Assets.xcassets; sourceTree = "<group>"; };
		BE1FFB812775BDA000173287 /* Info.plist */ = {isa = PBXFileReference; lastKnownFileType = text.plist.xml; path = Info.plist; sourceTree = "<group>"; };
		BE1FFB8C2775BDB400173287 /* PiHole WidgetExtension.entitlements */ = {isa = PBXFileReference; lastKnownFileType = text.plist.entitlements; path = "PiHole WidgetExtension.entitlements"; sourceTree = "<group>"; };
		BE1FFB8D2775BDBF00173287 /* PiHole WidgetExtensionRelease.entitlements */ = {isa = PBXFileReference; lastKnownFileType = text.plist.entitlements; path = "PiHole WidgetExtensionRelease.entitlements"; sourceTree = "<group>"; };
		BE9DC1D02775392500479101 /* DataView.swift */ = {isa = PBXFileReference; lastKnownFileType = sourcecode.swift; path = DataView.swift; sourceTree = "<group>"; };
		BE9DC1D22775420C00479101 /* ControlView.swift */ = {isa = PBXFileReference; lastKnownFileType = sourcecode.swift; path = ControlView.swift; sourceTree = "<group>"; };
		BE9DC1D4277542AE00479101 /* TitleView.swift */ = {isa = PBXFileReference; lastKnownFileType = sourcecode.swift; path = TitleView.swift; sourceTree = "<group>"; };
		BE9DC1D62775455300479101 /* DisableButton.swift */ = {isa = PBXFileReference; lastKnownFileType = sourcecode.swift; path = DisableButton.swift; sourceTree = "<group>"; };
		BE9DC1DA2775498400479101 /* LogOutButton.swift */ = {isa = PBXFileReference; lastKnownFileType = sourcecode.swift; path = LogOutButton.swift; sourceTree = "<group>"; };
		BE9DC1DC2775726A00479101 /* BlacklistView.swift */ = {isa = PBXFileReference; lastKnownFileType = sourcecode.swift; path = BlacklistView.swift; sourceTree = "<group>"; };
		BE9DC1DE2775734700479101 /* WhitelistView.swift */ = {isa = PBXFileReference; lastKnownFileType = sourcecode.swift; path = WhitelistView.swift; sourceTree = "<group>"; };
		BECB54A827758E4900BFBB71 /* WidgetKit.framework */ = {isa = PBXFileReference; lastKnownFileType = wrapper.framework; name = WidgetKit.framework; path = System/Library/Frameworks/WidgetKit.framework; sourceTree = SDKROOT; };
		BECB54AA27758E4900BFBB71 /* SwiftUI.framework */ = {isa = PBXFileReference; lastKnownFileType = wrapper.framework; name = SwiftUI.framework; path = System/Library/Frameworks/SwiftUI.framework; sourceTree = SDKROOT; };
		BECB54BE27759CE200BFBB71 /* PiHole Manager.entitlements */ = {isa = PBXFileReference; lastKnownFileType = text.plist.entitlements; path = "PiHole Manager.entitlements"; sourceTree = "<group>"; };
		BECB54C12775A13700BFBB71 /* PiHole ManagerRelease.entitlements */ = {isa = PBXFileReference; lastKnownFileType = text.plist.entitlements; path = "PiHole ManagerRelease.entitlements"; sourceTree = "<group>"; };
		BECB54E02775B21D00BFBB71 /* PiHole-Manager-Info.plist */ = {isa = PBXFileReference; lastKnownFileType = text.plist; path = "PiHole-Manager-Info.plist"; sourceTree = SOURCE_ROOT; };
		BED0BB912775246C0082BBF2 /* OverviewView.swift */ = {isa = PBXFileReference; lastKnownFileType = sourcecode.swift; path = OverviewView.swift; sourceTree = "<group>"; };
		BEE85A76277520B400BC1823 /* PiHole Manager.app */ = {isa = PBXFileReference; explicitFileType = wrapper.application; includeInIndex = 0; path = "PiHole Manager.app"; sourceTree = BUILT_PRODUCTS_DIR; };
		BEE85A79277520B400BC1823 /* PiHole_ManagerApp.swift */ = {isa = PBXFileReference; lastKnownFileType = sourcecode.swift; path = PiHole_ManagerApp.swift; sourceTree = "<group>"; };
		BEE85A7B277520B400BC1823 /* ContentView.swift */ = {isa = PBXFileReference; lastKnownFileType = sourcecode.swift; path = ContentView.swift; sourceTree = "<group>"; };
		BEE85A7D277520B600BC1823 /* Assets.xcassets */ = {isa = PBXFileReference; lastKnownFileType = folder.assetcatalog; path = Assets.xcassets; sourceTree = "<group>"; };
		BEE85A80277520B600BC1823 /* Preview Assets.xcassets */ = {isa = PBXFileReference; lastKnownFileType = folder.assetcatalog; path = "Preview Assets.xcassets"; sourceTree = "<group>"; };
		BEE85A82277520B600BC1823 /* Persistence.swift */ = {isa = PBXFileReference; lastKnownFileType = sourcecode.swift; path = Persistence.swift; sourceTree = "<group>"; };
		BEE85A85277520B600BC1823 /* PiHole_Manager.xcdatamodel */ = {isa = PBXFileReference; lastKnownFileType = wrapper.xcdatamodel; path = PiHole_Manager.xcdatamodel; sourceTree = "<group>"; };
/* End PBXFileReference section */

/* Begin PBXFrameworksBuildPhase section */
		BE1FFB752775BD9F00173287 /* Frameworks */ = {
			isa = PBXFrameworksBuildPhase;
			buildActionMask = 2147483647;
			files = (
				BE1FFB7A2775BD9F00173287 /* SwiftUI.framework in Frameworks */,
				BE1FFB792775BD9F00173287 /* WidgetKit.framework in Frameworks */,
				BE1FFB8B2775BDAC00173287 /* SwiftHole in Frameworks */,
			);
			runOnlyForDeploymentPostprocessing = 0;
		};
		BEE85A73277520B400BC1823 /* Frameworks */ = {
			isa = PBXFrameworksBuildPhase;
			buildActionMask = 2147483647;
			files = (
				BECB54A127757EFB00BFBB71 /* SwiftHole in Frameworks */,
				BED0BB95277525B50082BBF2 /* CodeScanner in Frameworks */,
			);
			runOnlyForDeploymentPostprocessing = 0;
		};
/* End PBXFrameworksBuildPhase section */

/* Begin PBXGroup section */
		BE1FFB7B2775BD9F00173287 /* PiHole Widget */ = {
			isa = PBXGroup;
			children = (
				BE1FFB7C2775BD9F00173287 /* PiHole_Widget.swift */,
				BE1FFB7E2775BD9F00173287 /* PiHole_Widget.intentdefinition */,
				BE1FFB7F2775BDA000173287 /* Assets.xcassets */,
				BE1FFB812775BDA000173287 /* Info.plist */,
			);
			path = "PiHole Widget";
			sourceTree = "<group>";
		};
		BECB54A727758E4900BFBB71 /* Frameworks */ = {
			isa = PBXGroup;
			children = (
				BECB54A827758E4900BFBB71 /* WidgetKit.framework */,
				BECB54AA27758E4900BFBB71 /* SwiftUI.framework */,
			);
			name = Frameworks;
			sourceTree = "<group>";
		};
		BEE85A6D277520B400BC1823 = {
			isa = PBXGroup;
			children = (
				BE1FFB8D2775BDBF00173287 /* PiHole WidgetExtensionRelease.entitlements */,
				BE1FFB8C2775BDB400173287 /* PiHole WidgetExtension.entitlements */,
				BEE85A78277520B400BC1823 /* PiHole Manager */,
				BE1FFB7B2775BD9F00173287 /* PiHole Widget */,
				BECB54A727758E4900BFBB71 /* Frameworks */,
				BEE85A77277520B400BC1823 /* Products */,
			);
			sourceTree = "<group>";
		};
		BEE85A77277520B400BC1823 /* Products */ = {
			isa = PBXGroup;
			children = (
				BEE85A76277520B400BC1823 /* PiHole Manager.app */,
				BE1FFB782775BD9F00173287 /* PiHole WidgetExtension.appex */,
			);
			name = Products;
			sourceTree = "<group>";
		};
		BEE85A78277520B400BC1823 /* PiHole Manager */ = {
			isa = PBXGroup;
			children = (
				BECB54E02775B21D00BFBB71 /* PiHole-Manager-Info.plist */,
				BECB54C12775A13700BFBB71 /* PiHole ManagerRelease.entitlements */,
				BECB54BE27759CE200BFBB71 /* PiHole Manager.entitlements */,
				BE9DC1D62775455300479101 /* DisableButton.swift */,
				BE9DC1D4277542AE00479101 /* TitleView.swift */,
				BE9DC1D22775420C00479101 /* ControlView.swift */,
				BE9DC1DA2775498400479101 /* LogOutButton.swift */,
				BEE85A79277520B400BC1823 /* PiHole_ManagerApp.swift */,
				BEE85A7B277520B400BC1823 /* ContentView.swift */,
				BE9DC1DC2775726A00479101 /* BlacklistView.swift */,
				BE9DC1DE2775734700479101 /* WhitelistView.swift */,
				BED0BB912775246C0082BBF2 /* OverviewView.swift */,
				BE9DC1D02775392500479101 /* DataView.swift */,
				BEE85A7D277520B600BC1823 /* Assets.xcassets */,
				BEE85A82277520B600BC1823 /* Persistence.swift */,
				BEE85A84277520B600BC1823 /* PiHole_Manager.xcdatamodeld */,
				BEE85A7F277520B600BC1823 /* Preview Content */,
			);
			path = "PiHole Manager";
			sourceTree = "<group>";
		};
		BEE85A7F277520B600BC1823 /* Preview Content */ = {
			isa = PBXGroup;
			children = (
				BEE85A80277520B600BC1823 /* Preview Assets.xcassets */,
			);
			path = "Preview Content";
			sourceTree = "<group>";
		};
/* End PBXGroup section */

/* Begin PBXNativeTarget section */
		BE1FFB772775BD9F00173287 /* PiHole WidgetExtension */ = {
			isa = PBXNativeTarget;
			buildConfigurationList = BE1FFB872775BDA000173287 /* Build configuration list for PBXNativeTarget "PiHole WidgetExtension" */;
			buildPhases = (
				BE1FFB742775BD9F00173287 /* Sources */,
				BE1FFB752775BD9F00173287 /* Frameworks */,
				BE1FFB762775BD9F00173287 /* Resources */,
			);
			buildRules = (
			);
			dependencies = (
			);
			name = "PiHole WidgetExtension";
			packageProductDependencies = (
				BE1FFB8A2775BDAC00173287 /* SwiftHole */,
			);
			productName = "PiHole WidgetExtension";
			productReference = BE1FFB782775BD9F00173287 /* PiHole WidgetExtension.appex */;
			productType = "com.apple.product-type.app-extension";
		};
		BEE85A75277520B400BC1823 /* PiHole Manager */ = {
			isa = PBXNativeTarget;
			buildConfigurationList = BEE85A89277520B600BC1823 /* Build configuration list for PBXNativeTarget "PiHole Manager" */;
			buildPhases = (
				BEE85A72277520B400BC1823 /* Sources */,
				BEE85A73277520B400BC1823 /* Frameworks */,
				BEE85A74277520B400BC1823 /* Resources */,
				BECB54BB27758E4B00BFBB71 /* Embed App Extensions */,
			);
			buildRules = (
			);
			dependencies = (
				BE1FFB852775BDA000173287 /* PBXTargetDependency */,
			);
			name = "PiHole Manager";
			packageProductDependencies = (
				BED0BB94277525B50082BBF2 /* CodeScanner */,
				BECB54A027757EFB00BFBB71 /* SwiftHole */,
			);
			productName = "PiHole Manager";
			productReference = BEE85A76277520B400BC1823 /* PiHole Manager.app */;
			productType = "com.apple.product-type.application";
		};
/* End PBXNativeTarget section */

/* Begin PBXProject section */
		BEE85A6E277520B400BC1823 /* Project object */ = {
			isa = PBXProject;
			attributes = {
				BuildIndependentTargetsInParallel = 1;
				LastSwiftUpdateCheck = 1310;
				LastUpgradeCheck = 1310;
				TargetAttributes = {
					BE1FFB772775BD9F00173287 = {
						CreatedOnToolsVersion = 13.1;
					};
					BEE85A75277520B400BC1823 = {
						CreatedOnToolsVersion = 13.1;
					};
				};
			};
			buildConfigurationList = BEE85A71277520B400BC1823 /* Build configuration list for PBXProject "PiHole Manager" */;
			compatibilityVersion = "Xcode 13.0";
			developmentRegion = en;
			hasScannedForEncodings = 0;
			knownRegions = (
				en,
				Base,
			);
			mainGroup = BEE85A6D277520B400BC1823;
			packageReferences = (
				BED0BB93277525B50082BBF2 /* XCRemoteSwiftPackageReference "CodeScanner" */,
				BECB549F27757EFB00BFBB71 /* XCRemoteSwiftPackageReference "SwiftHole" */,
			);
			productRefGroup = BEE85A77277520B400BC1823 /* Products */;
			projectDirPath = "";
			projectRoot = "";
			targets = (
				BEE85A75277520B400BC1823 /* PiHole Manager */,
				BE1FFB772775BD9F00173287 /* PiHole WidgetExtension */,
			);
		};
/* End PBXProject section */

/* Begin PBXResourcesBuildPhase section */
		BE1FFB762775BD9F00173287 /* Resources */ = {
			isa = PBXResourcesBuildPhase;
			buildActionMask = 2147483647;
			files = (
				BE1FFB802775BDA000173287 /* Assets.xcassets in Resources */,
			);
			runOnlyForDeploymentPostprocessing = 0;
		};
		BEE85A74277520B400BC1823 /* Resources */ = {
			isa = PBXResourcesBuildPhase;
			buildActionMask = 2147483647;
			files = (
				BEE85A81277520B600BC1823 /* Preview Assets.xcassets in Resources */,
				BEE85A7E277520B600BC1823 /* Assets.xcassets in Resources */,
			);
			runOnlyForDeploymentPostprocessing = 0;
		};
/* End PBXResourcesBuildPhase section */

/* Begin PBXSourcesBuildPhase section */
		BE1FFB742775BD9F00173287 /* Sources */ = {
			isa = PBXSourcesBuildPhase;
			buildActionMask = 2147483647;
			files = (
				BE1FFB7D2775BD9F00173287 /* PiHole_Widget.swift in Sources */,
				BE1FFB822775BDA000173287 /* PiHole_Widget.intentdefinition in Sources */,
			);
			runOnlyForDeploymentPostprocessing = 0;
		};
		BEE85A72277520B400BC1823 /* Sources */ = {
			isa = PBXSourcesBuildPhase;
			buildActionMask = 2147483647;
			files = (
				BE9DC1D12775392500479101 /* DataView.swift in Sources */,
				BE1FFB832775BDA000173287 /* PiHole_Widget.intentdefinition in Sources */,
				BEE85A83277520B600BC1823 /* Persistence.swift in Sources */,
				BE9DC1DF2775734700479101 /* WhitelistView.swift in Sources */,
				BED0BB922775246C0082BBF2 /* OverviewView.swift in Sources */,
				BE9DC1D72775455300479101 /* DisableButton.swift in Sources */,
				BEE85A7C277520B400BC1823 /* ContentView.swift in Sources */,
				BE9DC1DB2775498400479101 /* LogOutButton.swift in Sources */,
				BEE85A86277520B600BC1823 /* PiHole_Manager.xcdatamodeld in Sources */,
				BE9DC1D32775420C00479101 /* ControlView.swift in Sources */,
				BEE85A7A277520B400BC1823 /* PiHole_ManagerApp.swift in Sources */,
				BE9DC1DD2775726A00479101 /* BlacklistView.swift in Sources */,
				BE9DC1D5277542AE00479101 /* TitleView.swift in Sources */,
			);
			runOnlyForDeploymentPostprocessing = 0;
		};
/* End PBXSourcesBuildPhase section */

/* Begin PBXTargetDependency section */
		BE1FFB852775BDA000173287 /* PBXTargetDependency */ = {
			isa = PBXTargetDependency;
			target = BE1FFB772775BD9F00173287 /* PiHole WidgetExtension */;
			targetProxy = BE1FFB842775BDA000173287 /* PBXContainerItemProxy */;
		};
/* End PBXTargetDependency section */

/* Begin XCBuildConfiguration section */
		BE1FFB882775BDA000173287 /* Debug */ = {
			isa = XCBuildConfiguration;
			buildSettings = {
				ASSETCATALOG_COMPILER_GLOBAL_ACCENT_COLOR_NAME = AccentColor;
				ASSETCATALOG_COMPILER_WIDGET_BACKGROUND_COLOR_NAME = WidgetBackground;
				CODE_SIGN_ENTITLEMENTS = "PiHole WidgetExtension.entitlements";
				CODE_SIGN_STYLE = Automatic;
				CURRENT_PROJECT_VERSION = 1;
				DEVELOPMENT_TEAM = 7M53NGQ966;
				GENERATE_INFOPLIST_FILE = YES;
				INFOPLIST_FILE = "PiHole Widget/Info.plist";
				INFOPLIST_KEY_CFBundleDisplayName = "PiHole Widget";
				INFOPLIST_KEY_NSHumanReadableCopyright = "";
				LD_RUNPATH_SEARCH_PATHS = (
					"$(inherited)",
					"@executable_path/Frameworks",
					"@executable_path/../../Frameworks",
				);
				MARKETING_VERSION = 1.0;
				PRODUCT_BUNDLE_IDENTIFIER = "will-hodges.PiHole-Manager.PiHole-Widget";
				PRODUCT_NAME = "$(TARGET_NAME)";
				SKIP_INSTALL = YES;
				SWIFT_EMIT_LOC_STRINGS = YES;
				SWIFT_VERSION = 5.0;
				TARGETED_DEVICE_FAMILY = "1,2";
			};
			name = Debug;
		};
		BE1FFB892775BDA000173287 /* Release */ = {
			isa = XCBuildConfiguration;
			buildSettings = {
				ASSETCATALOG_COMPILER_GLOBAL_ACCENT_COLOR_NAME = AccentColor;
				ASSETCATALOG_COMPILER_WIDGET_BACKGROUND_COLOR_NAME = WidgetBackground;
				CODE_SIGN_ENTITLEMENTS = "PiHole WidgetExtensionRelease.entitlements";
				CODE_SIGN_STYLE = Automatic;
				CURRENT_PROJECT_VERSION = 1;
				DEVELOPMENT_TEAM = 7M53NGQ966;
				GENERATE_INFOPLIST_FILE = YES;
				INFOPLIST_FILE = "PiHole Widget/Info.plist";
				INFOPLIST_KEY_CFBundleDisplayName = "PiHole Widget";
				INFOPLIST_KEY_NSHumanReadableCopyright = "";
				LD_RUNPATH_SEARCH_PATHS = (
					"$(inherited)",
					"@executable_path/Frameworks",
					"@executable_path/../../Frameworks",
				);
				MARKETING_VERSION = 1.0;
				PRODUCT_BUNDLE_IDENTIFIER = "will-hodges.PiHole-Manager.PiHole-Widget";
				PRODUCT_NAME = "$(TARGET_NAME)";
				SKIP_INSTALL = YES;
				SWIFT_EMIT_LOC_STRINGS = YES;
				SWIFT_VERSION = 5.0;
				TARGETED_DEVICE_FAMILY = "1,2";
			};
			name = Release;
		};
		BEE85A87277520B600BC1823 /* Debug */ = {
			isa = XCBuildConfiguration;
			buildSettings = {
				ALWAYS_SEARCH_USER_PATHS = NO;
				CLANG_ANALYZER_NONNULL = YES;
				CLANG_ANALYZER_NUMBER_OBJECT_CONVERSION = YES_AGGRESSIVE;
				CLANG_CXX_LANGUAGE_STANDARD = "gnu++17";
				CLANG_CXX_LIBRARY = "libc++";
				CLANG_ENABLE_MODULES = YES;
				CLANG_ENABLE_OBJC_ARC = YES;
				CLANG_ENABLE_OBJC_WEAK = YES;
				CLANG_WARN_BLOCK_CAPTURE_AUTORELEASING = YES;
				CLANG_WARN_BOOL_CONVERSION = YES;
				CLANG_WARN_COMMA = YES;
				CLANG_WARN_CONSTANT_CONVERSION = YES;
				CLANG_WARN_DEPRECATED_OBJC_IMPLEMENTATIONS = YES;
				CLANG_WARN_DIRECT_OBJC_ISA_USAGE = YES_ERROR;
				CLANG_WARN_DOCUMENTATION_COMMENTS = YES;
				CLANG_WARN_EMPTY_BODY = YES;
				CLANG_WARN_ENUM_CONVERSION = YES;
				CLANG_WARN_INFINITE_RECURSION = YES;
				CLANG_WARN_INT_CONVERSION = YES;
				CLANG_WARN_NON_LITERAL_NULL_CONVERSION = YES;
				CLANG_WARN_OBJC_IMPLICIT_RETAIN_SELF = YES;
				CLANG_WARN_OBJC_LITERAL_CONVERSION = YES;
				CLANG_WARN_OBJC_ROOT_CLASS = YES_ERROR;
				CLANG_WARN_QUOTED_INCLUDE_IN_FRAMEWORK_HEADER = YES;
				CLANG_WARN_RANGE_LOOP_ANALYSIS = YES;
				CLANG_WARN_STRICT_PROTOTYPES = YES;
				CLANG_WARN_SUSPICIOUS_MOVE = YES;
				CLANG_WARN_UNGUARDED_AVAILABILITY = YES_AGGRESSIVE;
				CLANG_WARN_UNREACHABLE_CODE = YES;
				CLANG_WARN__DUPLICATE_METHOD_MATCH = YES;
				COPY_PHASE_STRIP = NO;
				DEBUG_INFORMATION_FORMAT = dwarf;
				ENABLE_STRICT_OBJC_MSGSEND = YES;
				ENABLE_TESTABILITY = YES;
				GCC_C_LANGUAGE_STANDARD = gnu11;
				GCC_DYNAMIC_NO_PIC = NO;
				GCC_NO_COMMON_BLOCKS = YES;
				GCC_OPTIMIZATION_LEVEL = 0;
				GCC_PREPROCESSOR_DEFINITIONS = (
					"DEBUG=1",
					"$(inherited)",
				);
				GCC_WARN_64_TO_32_BIT_CONVERSION = YES;
				GCC_WARN_ABOUT_RETURN_TYPE = YES_ERROR;
				GCC_WARN_UNDECLARED_SELECTOR = YES;
				GCC_WARN_UNINITIALIZED_AUTOS = YES_AGGRESSIVE;
				GCC_WARN_UNUSED_FUNCTION = YES;
				GCC_WARN_UNUSED_VARIABLE = YES;
				IPHONEOS_DEPLOYMENT_TARGET = 15.0;
				MTL_ENABLE_DEBUG_INFO = INCLUDE_SOURCE;
				MTL_FAST_MATH = YES;
				ONLY_ACTIVE_ARCH = YES;
				SDKROOT = iphoneos;
				SWIFT_ACTIVE_COMPILATION_CONDITIONS = DEBUG;
				SWIFT_OPTIMIZATION_LEVEL = "-Onone";
			};
			name = Debug;
		};
		BEE85A88277520B600BC1823 /* Release */ = {
			isa = XCBuildConfiguration;
			buildSettings = {
				ALWAYS_SEARCH_USER_PATHS = NO;
				CLANG_ANALYZER_NONNULL = YES;
				CLANG_ANALYZER_NUMBER_OBJECT_CONVERSION = YES_AGGRESSIVE;
				CLANG_CXX_LANGUAGE_STANDARD = "gnu++17";
				CLANG_CXX_LIBRARY = "libc++";
				CLANG_ENABLE_MODULES = YES;
				CLANG_ENABLE_OBJC_ARC = YES;
				CLANG_ENABLE_OBJC_WEAK = YES;
				CLANG_WARN_BLOCK_CAPTURE_AUTORELEASING = YES;
				CLANG_WARN_BOOL_CONVERSION = YES;
				CLANG_WARN_COMMA = YES;
				CLANG_WARN_CONSTANT_CONVERSION = YES;
				CLANG_WARN_DEPRECATED_OBJC_IMPLEMENTATIONS = YES;
				CLANG_WARN_DIRECT_OBJC_ISA_USAGE = YES_ERROR;
				CLANG_WARN_DOCUMENTATION_COMMENTS = YES;
				CLANG_WARN_EMPTY_BODY = YES;
				CLANG_WARN_ENUM_CONVERSION = YES;
				CLANG_WARN_INFINITE_RECURSION = YES;
				CLANG_WARN_INT_CONVERSION = YES;
				CLANG_WARN_NON_LITERAL_NULL_CONVERSION = YES;
				CLANG_WARN_OBJC_IMPLICIT_RETAIN_SELF = YES;
				CLANG_WARN_OBJC_LITERAL_CONVERSION = YES;
				CLANG_WARN_OBJC_ROOT_CLASS = YES_ERROR;
				CLANG_WARN_QUOTED_INCLUDE_IN_FRAMEWORK_HEADER = YES;
				CLANG_WARN_RANGE_LOOP_ANALYSIS = YES;
				CLANG_WARN_STRICT_PROTOTYPES = YES;
				CLANG_WARN_SUSPICIOUS_MOVE = YES;
				CLANG_WARN_UNGUARDED_AVAILABILITY = YES_AGGRESSIVE;
				CLANG_WARN_UNREACHABLE_CODE = YES;
				CLANG_WARN__DUPLICATE_METHOD_MATCH = YES;
				COPY_PHASE_STRIP = NO;
				DEBUG_INFORMATION_FORMAT = "dwarf-with-dsym";
				ENABLE_NS_ASSERTIONS = NO;
				ENABLE_STRICT_OBJC_MSGSEND = YES;
				GCC_C_LANGUAGE_STANDARD = gnu11;
				GCC_NO_COMMON_BLOCKS = YES;
				GCC_WARN_64_TO_32_BIT_CONVERSION = YES;
				GCC_WARN_ABOUT_RETURN_TYPE = YES_ERROR;
				GCC_WARN_UNDECLARED_SELECTOR = YES;
				GCC_WARN_UNINITIALIZED_AUTOS = YES_AGGRESSIVE;
				GCC_WARN_UNUSED_FUNCTION = YES;
				GCC_WARN_UNUSED_VARIABLE = YES;
				IPHONEOS_DEPLOYMENT_TARGET = 15.0;
				MTL_ENABLE_DEBUG_INFO = NO;
				MTL_FAST_MATH = YES;
				SDKROOT = iphoneos;
				SWIFT_COMPILATION_MODE = wholemodule;
				SWIFT_OPTIMIZATION_LEVEL = "-O";
				VALIDATE_PRODUCT = YES;
			};
			name = Release;
		};
		BEE85A8A277520B600BC1823 /* Debug */ = {
			isa = XCBuildConfiguration;
			buildSettings = {
				ALWAYS_EMBED_SWIFT_STANDARD_LIBRARIES = YES;
				ASSETCATALOG_COMPILER_APPICON_NAME = AppIcon;
				ASSETCATALOG_COMPILER_GLOBAL_ACCENT_COLOR_NAME = AccentColor;
				CODE_SIGN_ENTITLEMENTS = "PiHole Manager/PiHole Manager.entitlements";
				CODE_SIGN_STYLE = Automatic;
				CURRENT_PROJECT_VERSION = 1;
				DEVELOPMENT_ASSET_PATHS = "\"PiHole Manager/Preview Content\"";
				DEVELOPMENT_TEAM = 7M53NGQ966;
				ENABLE_PREVIEWS = YES;
				GENERATE_INFOPLIST_FILE = YES;
				INFOPLIST_FILE = "PiHole-Manager-Info.plist";
				INFOPLIST_KEY_NSCameraUsageDescription = "Camera is needed to scan API key QR code";
				INFOPLIST_KEY_UIApplicationSceneManifest_Generation = YES;
				INFOPLIST_KEY_UIApplicationSupportsIndirectInputEvents = YES;
				INFOPLIST_KEY_UILaunchScreen_Generation = YES;
				INFOPLIST_KEY_UISupportedInterfaceOrientations_iPad = "UIInterfaceOrientationPortrait UIInterfaceOrientationPortraitUpsideDown UIInterfaceOrientationLandscapeLeft UIInterfaceOrientationLandscapeRight";
				INFOPLIST_KEY_UISupportedInterfaceOrientations_iPhone = "UIInterfaceOrientationPortrait UIInterfaceOrientationLandscapeLeft UIInterfaceOrientationLandscapeRight";
				LD_RUNPATH_SEARCH_PATHS = (
					"$(inherited)",
					"@executable_path/Frameworks",
				);
				MARKETING_VERSION = 1.0;
				PRODUCT_BUNDLE_IDENTIFIER = "will-hodges.PiHole-Manager";
				PRODUCT_NAME = "$(TARGET_NAME)";
				SWIFT_EMIT_LOC_STRINGS = YES;
				SWIFT_VERSION = 5.0;
				TARGETED_DEVICE_FAMILY = "1,2";
			};
			name = Debug;
		};
		BEE85A8B277520B600BC1823 /* Release */ = {
			isa = XCBuildConfiguration;
			buildSettings = {
				ALWAYS_EMBED_SWIFT_STANDARD_LIBRARIES = YES;
				ASSETCATALOG_COMPILER_APPICON_NAME = AppIcon;
				ASSETCATALOG_COMPILER_GLOBAL_ACCENT_COLOR_NAME = AccentColor;
				CODE_SIGN_ENTITLEMENTS = "PiHole Manager/PiHole ManagerRelease.entitlements";
				CODE_SIGN_STYLE = Automatic;
				CURRENT_PROJECT_VERSION = 1;
				DEVELOPMENT_ASSET_PATHS = "\"PiHole Manager/Preview Content\"";
				DEVELOPMENT_TEAM = 7M53NGQ966;
				ENABLE_PREVIEWS = YES;
				GENERATE_INFOPLIST_FILE = YES;
				INFOPLIST_FILE = "PiHole-Manager-Info.plist";
				INFOPLIST_KEY_NSCameraUsageDescription = "Camera is needed to scan API key QR code";
				INFOPLIST_KEY_UIApplicationSceneManifest_Generation = YES;
				INFOPLIST_KEY_UIApplicationSupportsIndirectInputEvents = YES;
				INFOPLIST_KEY_UILaunchScreen_Generation = YES;
				INFOPLIST_KEY_UISupportedInterfaceOrientations_iPad = "UIInterfaceOrientationPortrait UIInterfaceOrientationPortraitUpsideDown UIInterfaceOrientationLandscapeLeft UIInterfaceOrientationLandscapeRight";
				INFOPLIST_KEY_UISupportedInterfaceOrientations_iPhone = "UIInterfaceOrientationPortrait UIInterfaceOrientationLandscapeLeft UIInterfaceOrientationLandscapeRight";
				LD_RUNPATH_SEARCH_PATHS = (
					"$(inherited)",
					"@executable_path/Frameworks",
				);
				MARKETING_VERSION = 1.0;
				PRODUCT_BUNDLE_IDENTIFIER = "will-hodges.PiHole-Manager";
				PRODUCT_NAME = "$(TARGET_NAME)";
				SWIFT_EMIT_LOC_STRINGS = YES;
				SWIFT_VERSION = 5.0;
				TARGETED_DEVICE_FAMILY = "1,2";
			};
			name = Release;
		};
/* End XCBuildConfiguration section */

/* Begin XCConfigurationList section */
		BE1FFB872775BDA000173287 /* Build configuration list for PBXNativeTarget "PiHole WidgetExtension" */ = {
			isa = XCConfigurationList;
			buildConfigurations = (
				BE1FFB882775BDA000173287 /* Debug */,
				BE1FFB892775BDA000173287 /* Release */,
			);
			defaultConfigurationIsVisible = 0;
			defaultConfigurationName = Release;
		};
		BEE85A71277520B400BC1823 /* Build configuration list for PBXProject "PiHole Manager" */ = {
			isa = XCConfigurationList;
			buildConfigurations = (
				BEE85A87277520B600BC1823 /* Debug */,
				BEE85A88277520B600BC1823 /* Release */,
			);
			defaultConfigurationIsVisible = 0;
			defaultConfigurationName = Release;
		};
		BEE85A89277520B600BC1823 /* Build configuration list for PBXNativeTarget "PiHole Manager" */ = {
			isa = XCConfigurationList;
			buildConfigurations = (
				BEE85A8A277520B600BC1823 /* Debug */,
				BEE85A8B277520B600BC1823 /* Release */,
			);
			defaultConfigurationIsVisible = 0;
			defaultConfigurationName = Release;
		};
/* End XCConfigurationList section */

/* Begin XCRemoteSwiftPackageReference section */
		BECB549F27757EFB00BFBB71 /* XCRemoteSwiftPackageReference "SwiftHole" */ = {
			isa = XCRemoteSwiftPackageReference;
			repositoryURL = "https://github.com/hodgeswt/SwiftHole";
			requirement = {
				branch = master;
				kind = branch;
			};
		};
		BED0BB93277525B50082BBF2 /* XCRemoteSwiftPackageReference "CodeScanner" */ = {
			isa = XCRemoteSwiftPackageReference;
			repositoryURL = "https://github.com/twostraws/CodeScanner";
			requirement = {
				kind = upToNextMajorVersion;
				minimumVersion = 2.0.0;
			};
		};
/* End XCRemoteSwiftPackageReference section */

/* Begin XCSwiftPackageProductDependency section */
		BE1FFB8A2775BDAC00173287 /* SwiftHole */ = {
			isa = XCSwiftPackageProductDependency;
			package = BECB549F27757EFB00BFBB71 /* XCRemoteSwiftPackageReference "SwiftHole" */;
			productName = SwiftHole;
		};
		BECB54A027757EFB00BFBB71 /* SwiftHole */ = {
			isa = XCSwiftPackageProductDependency;
			package = BECB549F27757EFB00BFBB71 /* XCRemoteSwiftPackageReference "SwiftHole" */;
			productName = SwiftHole;
		};
		BED0BB94277525B50082BBF2 /* CodeScanner */ = {
			isa = XCSwiftPackageProductDependency;
			package = BED0BB93277525B50082BBF2 /* XCRemoteSwiftPackageReference "CodeScanner" */;
			productName = CodeScanner;
		};
/* End XCSwiftPackageProductDependency section */

/* Begin XCVersionGroup section */
		BEE85A84277520B600BC1823 /* PiHole_Manager.xcdatamodeld */ = {
			isa = XCVersionGroup;
			children = (
				BEE85A85277520B600BC1823 /* PiHole_Manager.xcdatamodel */,
			);
			currentVersion = BEE85A85277520B600BC1823 /* PiHole_Manager.xcdatamodel */;
			path = PiHole_Manager.xcdatamodeld;
			sourceTree = "<group>";
			versionGroupType = wrapper.xcdatamodel;
		};
/* End XCVersionGroup section */
	};
	rootObject = BEE85A6E277520B400BC1823 /* Project object */;
}
